{
  "requires": true,
  "lockfileVersion": 1,
  "dependencies": {
    "@angular-devkit/core": {
      "version": "12.2.7",
      "resolved": "https://registry.npmjs.org/@angular-devkit/core/-/core-12.2.7.tgz",
      "integrity": "sha512-WeLlDZaudpx10OGDPfVcWu/CaEWiWzAaLTUQz0Ww/yM+01FxR/P8yeH1sYAV1MS6d6KHvXGw7Lpf8PV7IA/zHA==",
      "requires": {
        "ajv": "8.6.2",
        "ajv-formats": "2.1.0",
        "fast-json-stable-stringify": "2.1.0",
        "magic-string": "0.25.7",
        "rxjs": "6.6.7",
        "source-map": "0.7.3"
      },
      "dependencies": {
        "rxjs": {
          "version": "6.6.7",
          "resolved": "https://registry.npmjs.org/rxjs/-/rxjs-6.6.7.tgz",
          "integrity": "sha512-hTdwr+7yYNIT5n4AMYp85KA6yw2Va0FLa3Rguvbpa4W3I5xynaBZo41cM3XM+4Q6fRMj3sBYIR1VAmZMXYJvRQ==",
          "requires": {
            "tslib": "^1.9.0"
          }
        }
      }
    },
    "@angular-devkit/schematics": {
      "version": "12.2.7",
      "resolved": "https://registry.npmjs.org/@angular-devkit/schematics/-/schematics-12.2.7.tgz",
      "integrity": "sha512-E0hCFyyfbixjerf0Okt4ynC6F1dsT2Wl7MwAePe+wzPTHCnKIRTa2PQTxJzdWeTlSkQMkSK6ft2iyWOD/FODng==",
      "requires": {
        "@angular-devkit/core": "12.2.7",
        "ora": "5.4.1",
        "rxjs": "6.6.7"
      },
      "dependencies": {
        "rxjs": {
          "version": "6.6.7",
          "resolved": "https://registry.npmjs.org/rxjs/-/rxjs-6.6.7.tgz",
          "integrity": "sha512-hTdwr+7yYNIT5n4AMYp85KA6yw2Va0FLa3Rguvbpa4W3I5xynaBZo41cM3XM+4Q6fRMj3sBYIR1VAmZMXYJvRQ==",
          "requires": {
            "tslib": "^1.9.0"
          }
        }
      }
    },
    "@aspnet/signalr": {
      "version": "1.0.27",
      "resolved": "https://registry.npmjs.org/@aspnet/signalr/-/signalr-1.0.27.tgz",
      "integrity": "sha512-utZvBF9snjdwIBpvcFa6htqFTVaTN50QIZUoiznKpYSZImew1a1Ci7VYmK8HODqwRqUtj0o5/xR1nzt8xex5sA=="
    },
    "@ng-bootstrap/ng-bootstrap": {
      "version": "11.0.0-beta.2",
      "resolved": "https://registry.npmjs.org/@ng-bootstrap/ng-bootstrap/-/ng-bootstrap-11.0.0-beta.2.tgz",
      "integrity": "sha512-H6Kdzw4DBsUIrlvoxEJHCValSTHq0XcsiTVNbb99PjgD6ZhkBjINenT0W62A91k0nQEQBZCjhGGv+aNU/XxQNg==",
      "requires": {
        "tslib": "^2.1.0"
      },
      "dependencies": {
        "tslib": {
          "version": "2.3.1",
          "resolved": "https://registry.npmjs.org/tslib/-/tslib-2.3.1.tgz",
          "integrity": "sha512-77EbyPPpMz+FRFRuAFlWMtmgUWGe9UOG2Z25NqCwiIjRhOf5iKGuzSe5P2w1laq+FkRy4p+PCuVkJSGkzTEKVw=="
        }
      }
    },
    "@schematics/angular": {
      "version": "12.2.7",
      "resolved": "https://registry.npmjs.org/@schematics/angular/-/angular-12.2.7.tgz",
      "integrity": "sha512-wGqp0jC545Fwf0ydBkeoJHx9snFW+uqn40WwVqs/27Nh4AEHB5uzwzLY7Ykae95Zn802a61KPqSNWpez2fWWGA==",
      "requires": {
        "@angular-devkit/core": "12.2.7",
        "@angular-devkit/schematics": "12.2.7",
        "jsonc-parser": "3.0.0"
      }
    },
    "@syncfusion/ej2-angular-base": {
      "version": "17.4.55",
      "resolved": "https://registry.npmjs.org/@syncfusion/ej2-angular-base/-/ej2-angular-base-17.4.55.tgz",
      "integrity": "sha512-SkuBhBG/EPvHlqdghDRwF50RjU0icHquVXY3V0FOTsqYKdHLgFJ/RJxbXIKzbptpPsRM5nhdEP0JykX7YX0nzA==",
      "requires": {
        "@syncfusion/ej2-base": "~17.4.51",
        "core-js": "^3.4.8",
        "reflect-metadata": "^0.1.9",
        "rxjs": "^5.0.0",
        "zone.js": "^0.7.2"
      }
    },
    "@syncfusion/ej2-angular-schedule": {
      "version": "17.4.55",
      "resolved": "https://registry.npmjs.org/@syncfusion/ej2-angular-schedule/-/ej2-angular-schedule-17.4.55.tgz",
      "integrity": "sha512-CCkL0xAkedLl0Tcph3qZB+CNvKy2NEzTPRLLTEGrmrPxuqVV1/wC217VL8dKzyRFg3j2jir/HJJQql6mcu6jRQ==",
      "requires": {
        "@syncfusion/ej2-angular-base": "~17.4.52",
        "@syncfusion/ej2-base": "~17.4.51",
        "@syncfusion/ej2-schedule": "17.4.55"
      }
    },
    "@syncfusion/ej2-base": {
      "version": "17.4.51",
      "resolved": "https://registry.npmjs.org/@syncfusion/ej2-base/-/ej2-base-17.4.51.tgz",
      "integrity": "sha512-3o+qOEAD26cgotyBOUjW8VQB9TqQl3v2bYHlBAIhkTBJXHMY//vMcY63MwlY7UaqyWFiCHtG0Oov4rH8QQRSGg==",
      "requires": {
        "@syncfusion/ej2-icons": "~17.4.51"
      }
    },
    "@syncfusion/ej2-buttons": {
      "version": "17.4.51",
      "resolved": "https://registry.npmjs.org/@syncfusion/ej2-buttons/-/ej2-buttons-17.4.51.tgz",
      "integrity": "sha512-tLh+UPi6SOqZqmFQKyQ11f+u/szMUBGQz3fMD3QCw/STduG+oVhsmQnSWCZQX2piteszj+27wGCr+FHVns7sww==",
      "requires": {
        "@syncfusion/ej2-base": "~17.4.51"
      }
    },
    "@syncfusion/ej2-calendars": {
      "version": "17.4.51",
      "resolved": "https://registry.npmjs.org/@syncfusion/ej2-calendars/-/ej2-calendars-17.4.51.tgz",
      "integrity": "sha512-uNlmjBI3Fvcjn+qelyH9ss59L4lo19emrt9SxXVTpwCTKXQ1bI2gUlbsoR+oGpS1iRq3C0safqcMGSQe+Fft3g==",
      "requires": {
        "@syncfusion/ej2-base": "~17.4.51",
        "@syncfusion/ej2-buttons": "~17.4.51",
        "@syncfusion/ej2-inputs": "~17.4.51",
        "@syncfusion/ej2-lists": "~17.4.51",
        "@syncfusion/ej2-popups": "~17.4.51"
      }
    },
    "@syncfusion/ej2-compression": {
      "version": "17.4.51",
      "resolved": "https://registry.npmjs.org/@syncfusion/ej2-compression/-/ej2-compression-17.4.51.tgz",
      "integrity": "sha512-lbwAEgX49WtTeevV5hYwE4HVjXJcD7U33tlkVzLe7r81ZCtTsC4Buz2J8aiPZp0dVfOxDV1DJHYHIp2FStYQFg==",
      "requires": {
        "@syncfusion/ej2-file-utils": "~17.4.51"
      }
    },
    "@syncfusion/ej2-data": {
      "version": "17.4.51",
      "resolved": "https://registry.npmjs.org/@syncfusion/ej2-data/-/ej2-data-17.4.51.tgz",
      "integrity": "sha512-UaJPqyy8WTYw53/rCE/Er/Kd1QUPlp5Zv8/lVAloYsgkj+DqsOuf9hiQk2S6NuCCT7wTOcBrK1T5zGajm5yZtA==",
      "requires": {
        "@syncfusion/ej2-base": "~17.4.51"
      }
    },
    "@syncfusion/ej2-dropdowns": {
      "version": "17.4.51",
      "resolved": "https://registry.npmjs.org/@syncfusion/ej2-dropdowns/-/ej2-dropdowns-17.4.51.tgz",
      "integrity": "sha512-O01mkQNaY8aPulTxtoF9EVp5IupB1aUDFkIoE7Yqo3SMoZbCWxhsemcX+KHePTWH49Yq9E/YaQPOIr//mN+R0Q==",
      "requires": {
        "@syncfusion/ej2-base": "~17.4.51",
        "@syncfusion/ej2-data": "~17.4.51",
        "@syncfusion/ej2-inputs": "~17.4.51",
        "@syncfusion/ej2-lists": "~17.4.51",
        "@syncfusion/ej2-popups": "~17.4.51"
      }
    },
    "@syncfusion/ej2-excel-export": {
      "version": "17.4.51",
      "resolved": "https://registry.npmjs.org/@syncfusion/ej2-excel-export/-/ej2-excel-export-17.4.51.tgz",
      "integrity": "sha512-J13H3IMEbIuz7lCp8fhVWtxNkuB7CPefMQbMnMpfvkjo38OMKyWuX3mS6EsPHe3Gyy8JNCwMsPqd4mFsTHMRbg==",
      "requires": {
        "@syncfusion/ej2-base": "~17.4.51",
        "@syncfusion/ej2-compression": "~17.4.51"
      }
    },
    "@syncfusion/ej2-file-utils": {
      "version": "17.4.51",
      "resolved": "https://registry.npmjs.org/@syncfusion/ej2-file-utils/-/ej2-file-utils-17.4.51.tgz",
      "integrity": "sha512-7TQq1BAAvgU4FWUPVUf42RX1/dLUcNceeqGxgJ944CXWaEm3sswVsFKtBm4CGK4mtIfTSejTbMaNXLE5sWMXNw=="
    },
    "@syncfusion/ej2-icons": {
      "version": "17.4.51",
      "resolved": "https://registry.npmjs.org/@syncfusion/ej2-icons/-/ej2-icons-17.4.51.tgz",
      "integrity": "sha512-pBXyKHKaV1ysj4QL1CywOrKRptw3bv/NKmIggkIaWjRGSbya8K6w1XBxrIkJFU7medaKKwNEApsanTvA2rMapw=="
    },
    "@syncfusion/ej2-inputs": {
      "version": "17.4.55",
      "resolved": "https://registry.npmjs.org/@syncfusion/ej2-inputs/-/ej2-inputs-17.4.55.tgz",
      "integrity": "sha512-zq62p98T0U1v8nojxO471D+Ug60l1eYpIzUAlEneVSVqHnKYEA8G0R4I8YI6dx6pW99NCzEz5CEodlz05/TLrQ==",
      "requires": {
        "@syncfusion/ej2-base": "~17.4.51",
        "@syncfusion/ej2-buttons": "~17.4.51",
        "@syncfusion/ej2-popups": "~17.4.51",
        "@syncfusion/ej2-splitbuttons": "~17.4.55"
      }
    },
    "@syncfusion/ej2-lists": {
      "version": "17.4.51",
      "resolved": "https://registry.npmjs.org/@syncfusion/ej2-lists/-/ej2-lists-17.4.51.tgz",
      "integrity": "sha512-3Ou6pxHVK9xk/8euCoK9v6fYUjYGSDy7JMWzLJSGbCGbLNJvdaW1W/T/tCXTTpH7YtyHvrEAfQmy0wv+G00kYw==",
      "requires": {
        "@syncfusion/ej2-base": "~17.4.51",
        "@syncfusion/ej2-buttons": "~17.4.51",
        "@syncfusion/ej2-data": "~17.4.51"
      }
    },
    "@syncfusion/ej2-navigations": {
      "version": "17.4.55",
      "resolved": "https://registry.npmjs.org/@syncfusion/ej2-navigations/-/ej2-navigations-17.4.55.tgz",
      "integrity": "sha512-CFLIrwTHts7mjiE28t+OjBBN/qYVpeFB8+Em49/2galPV7OEjR6miGsddcbM+RwXNCGwbU1cTcNXieB0Mqs0Xg==",
      "requires": {
        "@syncfusion/ej2-base": "~17.4.51",
        "@syncfusion/ej2-buttons": "~17.4.51",
        "@syncfusion/ej2-data": "~17.4.51",
        "@syncfusion/ej2-inputs": "~17.4.55",
        "@syncfusion/ej2-lists": "~17.4.51",
        "@syncfusion/ej2-popups": "~17.4.51"
      }
    },
    "@syncfusion/ej2-popups": {
      "version": "17.4.51",
      "resolved": "https://registry.npmjs.org/@syncfusion/ej2-popups/-/ej2-popups-17.4.51.tgz",
      "integrity": "sha512-29bVoa4ll/7laI0d7PoP3tX97B1OC7nRXaaRkGvAPn1QQuWgyBzc3eymby3P16UpoptOVwNq1BIf2/cxBY7gMQ==",
      "requires": {
        "@syncfusion/ej2-base": "~17.4.51",
        "@syncfusion/ej2-buttons": "~17.4.51"
      }
    },
    "@syncfusion/ej2-schedule": {
      "version": "17.4.55",
      "resolved": "https://registry.npmjs.org/@syncfusion/ej2-schedule/-/ej2-schedule-17.4.55.tgz",
      "integrity": "sha512-t1gp9ULbvnnJ8I+n9psLLk7AjlWtPbS3w/hMi+OYEwL3GLTtI1op7ba+rBhyzJwr2smWZSUfhiC/q9XSyu5KZQ==",
      "requires": {
        "@syncfusion/ej2-base": "~17.4.51",
        "@syncfusion/ej2-buttons": "~17.4.51",
        "@syncfusion/ej2-calendars": "~17.4.51",
        "@syncfusion/ej2-data": "~17.4.51",
        "@syncfusion/ej2-dropdowns": "~17.4.51",
        "@syncfusion/ej2-excel-export": "~17.4.51",
        "@syncfusion/ej2-inputs": "~17.4.55",
        "@syncfusion/ej2-lists": "~17.4.51",
        "@syncfusion/ej2-navigations": "~17.4.55",
        "@syncfusion/ej2-popups": "~17.4.51"
      }
    },
    "@syncfusion/ej2-splitbuttons": {
      "version": "17.4.55",
      "resolved": "https://registry.npmjs.org/@syncfusion/ej2-splitbuttons/-/ej2-splitbuttons-17.4.55.tgz",
      "integrity": "sha512-wXuYLsrhd7KCNo4nLRXTpnF0usHh5Gmi86KP7ylGzqsB53MY0XzTolCVKOu+7Y+bi+VeIAq8V2Q8Ac1epWyOsA==",
      "requires": {
        "@syncfusion/ej2-base": "~17.4.51",
        "@syncfusion/ej2-popups": "~17.4.51"
      }
    },
    "ajv": {
      "version": "8.6.2",
      "resolved": "https://registry.npmjs.org/ajv/-/ajv-8.6.2.tgz",
      "integrity": "sha512-9807RlWAgT564wT+DjeyU5OFMPjmzxVobvDFmNAhY+5zD6A2ly3jDp6sgnfyDtlIQ+7H97oc/DGCzzfu9rjw9w==",
      "requires": {
        "fast-deep-equal": "^3.1.1",
        "json-schema-traverse": "^1.0.0",
        "require-from-string": "^2.0.2",
        "uri-js": "^4.2.2"
      }
    },
    "ajv-formats": {
      "version": "2.1.0",
      "resolved": "https://registry.npmjs.org/ajv-formats/-/ajv-formats-2.1.0.tgz",
      "integrity": "sha512-USH2jBb+C/hIpwD2iRjp0pe0k+MvzG0mlSn/FIdCgQhUb9ALPRjt2KIQdfZDS9r0ZIeUAg7gOu9KL0PFqGqr5Q==",
      "requires": {
        "ajv": "^8.0.0"
      }
    },
    "ansi-regex": {
      "version": "5.0.1",
      "resolved": "https://registry.npmjs.org/ansi-regex/-/ansi-regex-5.0.1.tgz",
      "integrity": "sha512-quJQXlTSUGL2LH9SUXo8VwsY4soanhgo6LNSm84E1LBcE8s3O0wpdiRzyR9z/ZZJMlMWv37qOOb9pdJlMUEKFQ=="
    },
    "ansi-styles": {
      "version": "4.3.0",
      "resolved": "https://registry.npmjs.org/ansi-styles/-/ansi-styles-4.3.0.tgz",
      "integrity": "sha512-zbB9rCJAT1rbjiVDb2hqKFHNYLxgtk8NURxZ3IZwD3F6NtxbXZQCnnSi1Lkx+IDohdPlFp222wVALIheZJQSEg==",
      "requires": {
        "color-convert": "^2.0.1"
      }
    },
    "base64-js": {
      "version": "1.5.1",
      "resolved": "https://registry.npmjs.org/base64-js/-/base64-js-1.5.1.tgz",
      "integrity": "sha512-AKpaYlHn8t4SVbOHCy+b5+KKgvR4vrsD8vbvrbiQJps7fKDTkjkDry6ji0rUJjC0kzbNePLwzxq8iypo41qeWA=="
    },
    "bl": {
      "version": "4.1.0",
      "resolved": "https://registry.npmjs.org/bl/-/bl-4.1.0.tgz",
      "integrity": "sha512-1W07cM9gS6DcLperZfFSj+bWLtaPGSOHWhPiGzXmvVJbRLdG82sH/Kn8EtW1VqWVA54AKf2h5k5BbnIbwF3h6w==",
      "requires": {
        "buffer": "^5.5.0",
        "inherits": "^2.0.4",
        "readable-stream": "^3.4.0"
      }
    },
    "bootstrap": {
      "version": "5.1.1",
      "resolved": "https://registry.npmjs.org/bootstrap/-/bootstrap-5.1.1.tgz",
      "integrity": "sha512-/jUa4sSuDZWlDLQ1gwQQR8uoYSvLJzDd8m5o6bPKh3asLAMYVZKdRCjb1joUd5WXf0WwCNzd2EjwQQhupou0dA=="
    },
    "bootstrap-icons": {
      "version": "1.5.0",
      "resolved": "https://registry.npmjs.org/bootstrap-icons/-/bootstrap-icons-1.5.0.tgz",
      "integrity": "sha512-44feMc7DE1Ccpsas/1wioN8ewFJNquvi5FewA06wLnqct7CwMdGDVy41ieHaacogzDqLfG8nADIvMNp9e4bfbA=="
    },
    "buffer": {
      "version": "5.7.1",
      "resolved": "https://registry.npmjs.org/buffer/-/buffer-5.7.1.tgz",
      "integrity": "sha512-EHcyIPBQ4BSGlvjB16k5KgAJ27CIsHY/2JBmCRReo48y9rQ3MaUzWX3KVlBa4U7MyX02HdVj0K7C3WaB3ju7FQ==",
      "requires": {
        "base64-js": "^1.3.1",
        "ieee754": "^1.1.13"
      }
    },
    "bulma": {
      "version": "0.9.3",
      "resolved": "https://registry.npmjs.org/bulma/-/bulma-0.9.3.tgz",
      "integrity": "sha512-0d7GNW1PY4ud8TWxdNcP6Cc8Bu7MxcntD/RRLGWuiw/s0a9P+XlH/6QoOIrmbj6o8WWJzJYhytiu9nFjTszk1g=="
    },
    "chalk": {
      "version": "4.1.2",
      "resolved": "https://registry.npmjs.org/chalk/-/chalk-4.1.2.tgz",
      "integrity": "sha512-oKnbhFyRIXpUuez8iBMmyEa4nbj4IOQyuhc/wy9kY7/WVPcwIO9VA668Pu8RkO7+0G76SLROeyw9CpQ061i4mA==",
      "requires": {
        "ansi-styles": "^4.1.0",
        "supports-color": "^7.1.0"
      }
    },
    "cli-cursor": {
      "version": "3.1.0",
      "resolved": "https://registry.npmjs.org/cli-cursor/-/cli-cursor-3.1.0.tgz",
      "integrity": "sha512-I/zHAwsKf9FqGoXM4WWRACob9+SNukZTd94DWF57E4toouRulbCxcUh6RKUEOQlYTHJnzkPMySvPNaaSLNfLZw==",
      "requires": {
        "restore-cursor": "^3.1.0"
      }
    },
    "cli-spinners": {
      "version": "2.6.1",
      "resolved": "https://registry.npmjs.org/cli-spinners/-/cli-spinners-2.6.1.tgz",
      "integrity": "sha512-x/5fWmGMnbKQAaNwN+UZlV79qBLM9JFnJuJ03gIi5whrob0xV0ofNVHy9DhwGdsMJQc2OKv0oGmLzvaqvAVv+g=="
    },
    "clone": {
      "version": "1.0.4",
      "resolved": "https://registry.npmjs.org/clone/-/clone-1.0.4.tgz",
      "integrity": "sha1-2jCcwmPfFZlMaIypAheco8fNfH4="
    },
    "color-convert": {
      "version": "2.0.1",
      "resolved": "https://registry.npmjs.org/color-convert/-/color-convert-2.0.1.tgz",
      "integrity": "sha512-RRECPsj7iu/xb5oKYcsFHSppFNnsj/52OVTRKb4zP5onXwVF3zVmmToNcOfGC+CRDpfK/U584fMg38ZHCaElKQ==",
      "requires": {
        "color-name": "~1.1.4"
      }
    },
    "color-name": {
      "version": "1.1.4",
      "resolved": "https://registry.npmjs.org/color-name/-/color-name-1.1.4.tgz",
      "integrity": "sha512-dOy+3AuW3a2wNbZHIuMZpTcgjGuLU/uBL/ubcZF9OXbDo8ff4O8yVp5Bf0efS8uEoYo5q4Fx7dY9OgQGXgAsQA=="
    },
    "core-js": {
      "version": "3.19.0",
      "resolved": "https://registry.npmjs.org/core-js/-/core-js-3.19.0.tgz",
      "integrity": "sha512-L1TpFRWXZ76vH1yLM+z6KssLZrP8Z6GxxW4auoCj+XiViOzNPJCAuTIkn03BGdFe6Z5clX5t64wRIRypsZQrUg=="
    },
    "defaults": {
      "version": "1.0.3",
      "resolved": "https://registry.npmjs.org/defaults/-/defaults-1.0.3.tgz",
      "integrity": "sha1-xlYFHpgX2f8I7YgUd/P+QBnz730=",
      "requires": {
        "clone": "^1.0.2"
      }
    },
    "fast-deep-equal": {
      "version": "3.1.3",
      "resolved": "https://registry.npmjs.org/fast-deep-equal/-/fast-deep-equal-3.1.3.tgz",
      "integrity": "sha512-f3qQ9oQy9j2AhBe/H9VC91wLmKBCCU/gDOnKNAYG5hswO7BLKj09Hc5HYNz9cGI++xlpDCIgDaitVs03ATR84Q=="
    },
    "fast-json-stable-stringify": {
      "version": "2.1.0",
      "resolved": "https://registry.npmjs.org/fast-json-stable-stringify/-/fast-json-stable-stringify-2.1.0.tgz",
      "integrity": "sha512-lhd/wF+Lk98HZoTCtlVraHtfh5XYijIjalXck7saUtuanSDyLMxnHhSXEDJqHxD7msR8D0uCmqlkwjCV8xvwHw=="
    },
    "has-flag": {
      "version": "4.0.0",
      "resolved": "https://registry.npmjs.org/has-flag/-/has-flag-4.0.0.tgz",
      "integrity": "sha512-EykJT/Q1KjTWctppgIAgfSO0tKVuZUjhgMr17kqTumMl6Afv3EISleU7qZUzoXDFTAHTDC4NOoG/ZxU3EvlMPQ=="
    },
    "ieee754": {
      "version": "1.2.1",
      "resolved": "https://registry.npmjs.org/ieee754/-/ieee754-1.2.1.tgz",
      "integrity": "sha512-dcyqhDvX1C46lXZcVqCpK+FtMRQVdIMN6/Df5js2zouUsqG7I6sFxitIC+7KYK29KdXOLHdu9zL4sFnoVQnqaA=="
    },
    "inherits": {
      "version": "2.0.4",
      "resolved": "https://registry.npmjs.org/inherits/-/inherits-2.0.4.tgz",
      "integrity": "sha512-k/vGaX4/Yla3WzyMCvTQOXYeIHvqOKtnqBduzTHpzpQZzAskKMhZ2K+EnBiSM9zGSoIFeMpXKxa4dYeZIQqewQ=="
    },
    "is-interactive": {
      "version": "1.0.0",
      "resolved": "https://registry.npmjs.org/is-interactive/-/is-interactive-1.0.0.tgz",
      "integrity": "sha512-2HvIEKRoqS62guEC+qBjpvRubdX910WCMuJTZ+I9yvqKU2/12eSL549HMwtabb4oupdj2sMP50k+XJfB/8JE6w=="
    },
    "is-unicode-supported": {
      "version": "0.1.0",
      "resolved": "https://registry.npmjs.org/is-unicode-supported/-/is-unicode-supported-0.1.0.tgz",
      "integrity": "sha512-knxG2q4UC3u8stRGyAVJCOdxFmv5DZiRcdlIaAQXAbSfJya+OhopNotLQrstBhququ4ZpuKbDc/8S6mgXgPFPw=="
    },
    "json-schema-traverse": {
      "version": "1.0.0",
      "resolved": "https://registry.npmjs.org/json-schema-traverse/-/json-schema-traverse-1.0.0.tgz",
      "integrity": "sha512-NM8/P9n3XjXhIZn1lLhkFaACTOURQXjWhV4BA/RnOv8xvgqtqpAX9IO4mRQxSx1Rlo4tqzeqb0sOlruaOy3dug=="
    },
    "jsonc-parser": {
      "version": "3.0.0",
      "resolved": "https://registry.npmjs.org/jsonc-parser/-/jsonc-parser-3.0.0.tgz",
      "integrity": "sha512-fQzRfAbIBnR0IQvftw9FJveWiHp72Fg20giDrHz6TdfB12UH/uue0D3hm57UB5KgAVuniLMCaS8P1IMj9NR7cA=="
    },
    "log-symbols": {
      "version": "4.1.0",
      "resolved": "https://registry.npmjs.org/log-symbols/-/log-symbols-4.1.0.tgz",
      "integrity": "sha512-8XPvpAA8uyhfteu8pIvQxpJZ7SYYdpUivZpGy6sFsBuKRY/7rQGavedeB8aK+Zkyq6upMFVL/9AW6vOYzfRyLg==",
      "requires": {
        "chalk": "^4.1.0",
        "is-unicode-supported": "^0.1.0"
      }
    },
    "magic-string": {
      "version": "0.25.7",
      "resolved": "https://registry.npmjs.org/magic-string/-/magic-string-0.25.7.tgz",
      "integrity": "sha512-4CrMT5DOHTDk4HYDlzmwu4FVCcIYI8gauveasrdCu2IKIFOJ3f0v/8MDGJCDL9oD2ppz/Av1b0Nj345H9M+XIA==",
      "requires": {
        "sourcemap-codec": "^1.4.4"
      }
    },
    "mimic-fn": {
      "version": "2.1.0",
      "resolved": "https://registry.npmjs.org/mimic-fn/-/mimic-fn-2.1.0.tgz",
      "integrity": "sha512-OqbOk5oEQeAZ8WXWydlu9HJjz9WVdEIvamMCcXmuqUYjTknH/sqsWvhQ3vgwKFRR1HpjvNBKQ37nbJgYzGqGcg=="
    },
    "onetime": {
      "version": "5.1.2",
      "resolved": "https://registry.npmjs.org/onetime/-/onetime-5.1.2.tgz",
      "integrity": "sha512-kbpaSSGJTWdAY5KPVeMOKXSrPtr8C8C7wodJbcsd51jRnmD+GZu8Y0VoU6Dm5Z4vWr0Ig/1NKuWRKf7j5aaYSg==",
      "requires": {
        "mimic-fn": "^2.1.0"
      }
    },
    "ora": {
      "version": "5.4.1",
      "resolved": "https://registry.npmjs.org/ora/-/ora-5.4.1.tgz",
      "integrity": "sha512-5b6Y85tPxZZ7QytO+BQzysW31HJku27cRIlkbAXaNx+BdcVi+LlRFmVXzeF6a7JCwJpyw5c4b+YSVImQIrBpuQ==",
      "requires": {
        "bl": "^4.1.0",
        "chalk": "^4.1.0",
        "cli-cursor": "^3.1.0",
        "cli-spinners": "^2.5.0",
        "is-interactive": "^1.0.0",
        "is-unicode-supported": "^0.1.0",
        "log-symbols": "^4.1.0",
        "strip-ansi": "^6.0.0",
        "wcwidth": "^1.0.1"
      }
    },
    "punycode": {
      "version": "2.1.1",
      "resolved": "https://registry.npmjs.org/punycode/-/punycode-2.1.1.tgz",
      "integrity": "sha512-XRsRjdf+j5ml+y/6GKHPZbrF/8p2Yga0JPtdqTIY2Xe5ohJPD9saDJJLPvp9+NSBprVvevdXZybnj2cv8OEd0A=="
    },
    "readable-stream": {
      "version": "3.6.0",
      "resolved": "https://registry.npmjs.org/readable-stream/-/readable-stream-3.6.0.tgz",
      "integrity": "sha512-BViHy7LKeTz4oNnkcLJ+lVSL6vpiFeX6/d3oSH8zCW7UxP2onchk+vTGB143xuFjHS3deTgkKoXXymXqymiIdA==",
      "requires": {
        "inherits": "^2.0.3",
        "string_decoder": "^1.1.1",
        "util-deprecate": "^1.0.1"
      }
    },
    "reflect-metadata": {
      "version": "0.1.13",
      "resolved": "https://registry.npmjs.org/reflect-metadata/-/reflect-metadata-0.1.13.tgz",
      "integrity": "sha512-Ts1Y/anZELhSsjMcU605fU9RE4Oi3p5ORujwbIKXfWa+0Zxs510Qrmrce5/Jowq3cHSZSJqBjypxmHarc+vEWg=="
    },
    "require-from-string": {
      "version": "2.0.2",
      "resolved": "https://registry.npmjs.org/require-from-string/-/require-from-string-2.0.2.tgz",
      "integrity": "sha512-Xf0nWe6RseziFMu+Ap9biiUbmplq6S9/p+7w7YXP/JBHhrUDDUhwa+vANyubuqfZWTveU//DYVGsDG7RKL/vEw=="
    },
    "restore-cursor": {
      "version": "3.1.0",
      "resolved": "https://registry.npmjs.org/restore-cursor/-/restore-cursor-3.1.0.tgz",
      "integrity": "sha512-l+sSefzHpj5qimhFSE5a8nufZYAM3sBSVMAPtYkmC+4EH2anSGaEMXSD0izRQbu9nfyQ9y5JrVmp7E8oZrUjvA==",
      "requires": {
        "onetime": "^5.1.0",
        "signal-exit": "^3.0.2"
      }
    },
    "rxjs": {
      "version": "5.5.12",
      "resolved": "https://registry.npmjs.org/rxjs/-/rxjs-5.5.12.tgz",
      "integrity": "sha512-xx2itnL5sBbqeeiVgNPVuQQ1nC8Jp2WfNJhXWHmElW9YmrpS9UVnNzhP3EH3HFqexO5Tlp8GhYY+WEcqcVMvGw==",
      "requires": {
        "symbol-observable": "1.0.1"
      }
    },
    "safe-buffer": {
      "version": "5.2.1",
      "resolved": "https://registry.npmjs.org/safe-buffer/-/safe-buffer-5.2.1.tgz",
      "integrity": "sha512-rp3So07KcdmmKbGvgaNxQSJr7bGVSVk5S9Eq1F+ppbRo70+YeaDxkw5Dd8NPN+GD6bjnYm2VuPuCXmpuYvmCXQ=="
    },
    "signal-exit": {
      "version": "3.0.5",
      "resolved": "https://registry.npmjs.org/signal-exit/-/signal-exit-3.0.5.tgz",
      "integrity": "sha512-KWcOiKeQj6ZyXx7zq4YxSMgHRlod4czeBQZrPb8OKcohcqAXShm7E20kEMle9WBt26hFcAf0qLOcp5zmY7kOqQ=="
    },
    "source-map": {
      "version": "0.7.3",
      "resolved": "https://registry.npmjs.org/source-map/-/source-map-0.7.3.tgz",
      "integrity": "sha512-CkCj6giN3S+n9qrYiBTX5gystlENnRW5jZeNLHpe6aue+SrHcG5VYwujhW9s4dY31mEGsxBDrHR6oI69fTXsaQ=="
    },
    "sourcemap-codec": {
      "version": "1.4.8",
      "resolved": "https://registry.npmjs.org/sourcemap-codec/-/sourcemap-codec-1.4.8.tgz",
      "integrity": "sha512-9NykojV5Uih4lgo5So5dtw+f0JgJX30KCNI8gwhz2J9A15wD0Ml6tjHKwf6fTSa6fAdVBdZeNOs9eJ71qCk8vA=="
    },
    "string_decoder": {
      "version": "1.3.0",
      "resolved": "https://registry.npmjs.org/string_decoder/-/string_decoder-1.3.0.tgz",
      "integrity": "sha512-hkRX8U1WjJFd8LsDJ2yQ/wWWxaopEsABU1XfkM8A+j0+85JAGppt16cr1Whg6KIbb4okU6Mql6BOj+uup/wKeA==",
      "requires": {
        "safe-buffer": "~5.2.0"
      }
    },
    "strip-ansi": {
      "version": "6.0.1",
      "resolved": "https://registry.npmjs.org/strip-ansi/-/strip-ansi-6.0.1.tgz",
      "integrity": "sha512-Y38VPSHcqkFrCpFnQ9vuSXmquuv5oXOKpGeT6aGrr3o3Gc9AlVa6JBfUSOCnbxGGZF+/0ooI7KrPuUSztUdU5A==",
      "requires": {
        "ansi-regex": "^5.0.1"
      }
    },
    "supports-color": {
      "version": "7.2.0",
      "resolved": "https://registry.npmjs.org/supports-color/-/supports-color-7.2.0.tgz",
      "integrity": "sha512-qpCAvRl9stuOHveKsn7HncJRvv501qIacKzQlO/+Lwxc9+0q2wLyv4Dfvt80/DPn2pqOBsJdDiogXGR9+OvwRw==",
      "requires": {
        "has-flag": "^4.0.0"
      }
    },
    "sweetalert2": {
      "version": "11.2.0",
      "resolved": "https://registry.npmjs.org/sweetalert2/-/sweetalert2-11.2.0.tgz",
      "integrity": "sha512-KqvneLjlbM3JclVJ81GLqlElGZGeXEYpybYlcDkL99Pf1DrVW/VyaRu7BP8K0D+9XgXuJUg1huV1rel4Ud+8JQ=="
    },
    "symbol-observable": {
      "version": "1.0.1",
      "resolved": "https://registry.npmjs.org/symbol-observable/-/symbol-observable-1.0.1.tgz",
      "integrity": "sha1-g0D8RwLDEi310iKI+IKD9RPT/dQ="
    },
    "tslib": {
      "version": "1.14.1",
      "resolved": "https://registry.npmjs.org/tslib/-/tslib-1.14.1.tgz",
      "integrity": "sha512-Xni35NKzjgMrwevysHTCArtLDpPvye8zV/0E4EyYn43P7/7qvQwPh9BGkHewbMulVntbigmcT7rdX3BNo9wRJg=="
    },
    "uri-js": {
      "version": "4.4.1",
      "resolved": "https://registry.npmjs.org/uri-js/-/uri-js-4.4.1.tgz",
      "integrity": "sha512-7rKUyy33Q1yc98pQ1DAmLtwX109F7TIfWlW1Ydo8Wl1ii1SeHieeh0HHfPeL2fMXK6z0s8ecKs9frCuLJvndBg==",
      "requires": {
        "punycode": "^2.1.0"
      }
    },
    "util-deprecate": {
      "version": "1.0.2",
      "resolved": "https://registry.npmjs.org/util-deprecate/-/util-deprecate-1.0.2.tgz",
      "integrity": "sha1-RQ1Nyfpw3nMnYvvS1KKJgUGaDM8="
    },
    "wcwidth": {
      "version": "1.0.1",
      "resolved": "https://registry.npmjs.org/wcwidth/-/wcwidth-1.0.1.tgz",
      "integrity": "sha1-8LDc+RW8X/FSivrbLA4XtTLaL+g=",
      "requires": {
        "defaults": "^1.0.3"
      }
    },
    "zone.js": {
      "version": "0.7.8",
      "resolved": "https://registry.npmjs.org/zone.js/-/zone.js-0.7.8.tgz",
      "integrity": "sha1-Tz/og01EWX8mOQU6D6Q43zT//e0="
    }
  }
}
